# This file is automatically @generated by Cargo.
# It is not intended for manual editing.
version = 3

[[package]]
name = "shogi_core"
version = "0.1.2"
source = "git+https://github.com/rust-shogi-crates/shogi_core?branch=feature/position-faster-bb#1cfc28b4f2565c14f359141152078d0443512e25"

[[package]]
name = "shogi_legality_lite"
version = "0.1.0"
dependencies = [
 "shogi_core",
]

[[package]]
name = "shogi_legality_lite_c"
version = "0.1.0"
dependencies = [
 "shogi_legality_lite",
]
